
Microsoft Visual Studio Solution File, Format Version 12.00
# Visual Studio Version 16
VisualStudioVersion = 16.0.32802.440
MinimumVisualStudioVersion = 10.0.40219.1
Project("{9A19103F-16F7-4668-BE54-9A1E7A4F7556}") = "HelloRhinoCommon", "HelloRhinoCommon.csproj", "{55B6BE7E-3668-403F-BE1A-E35624583F77}"
EndProject
Global
	GlobalSection(SolutionConfigurationPlatforms) = preSolution
		Debug|Any CPU = Debug|Any CPU
		Release|Any CPU = Release|Any CPU
	EndGlobalSection
	GlobalSection(ProjectConfigurationPlatforms) = postSolution
		{55B6BE7E-3668-403F-BE1A-E35624583F77}.Debug|Any CPU.ActiveCfg = Debug|Any CPU
		{55B6BE7E-3668-403F-BE1A-E35624583F77}.Debug|Any CPU.Build.0 = Debug|Any CPU
		{55B6BE7E-3668-403F-BE1A-E35624583F77}.Release|Any CPU.ActiveCfg = Release|Any CPU
		{55B6BE7E-3668-403F-BE1A-E35624583F77}.Release|Any CPU.Build.0 = Release|Any CPU
	EndGlobalSection
	GlobalSection(SolutionProperties) = preSolution
		HideSolutionNode = FALSE
	EndGlobalSection
	GlobalSection(ExtensibilityGlobals) = postSolution
		SolutionGuid = {FD043835-A072-4C25-952E-F13FAED5E4D7}
	EndGlobalSection
EndGlobal
